
Microsoft Visual Studio Solution File, Format Version 12.00
# Visual Studio 2013
VisualStudioVersion = 12.0.40629.0
MinimumVisualStudioVersion = 10.0.40219.1
Project("{FAE04EC0-301F-11D3-BF4B-00C04F79EFBC}") = "NA.Domain", "Domain\NA.Domain.csproj", "{593A349C-6BD8-44ED-82DC-5F9A96C2D911}"
EndProject
Project("{FAE04EC0-301F-11D3-BF4B-00C04F79EFBC}") = "NA.Tests", "NA.Tests\NA.Tests.csproj", "{BA2DBEF0-7F1D-444E-9881-8B0E6EFA41D8}"
EndProject
Project("{FAE04EC0-301F-11D3-BF4B-00C04F79EFBC}") = "NA.DataLayer", "NA.DataLayer\NA.DataLayer.csproj", "{9BBC714C-BC6D-4DAB-AE52-52B5B7CC0279}"
EndProject
Project("{FAE04EC0-301F-11D3-BF4B-00C04F79EFBC}") = "NA.DBSetup", "NA.DBSetup\NA.DBSetup.csproj", "{599547FC-5463-4BB0-8D98-0F00552A105C}"
EndProject
Project("{FAE04EC0-301F-11D3-BF4B-00C04F79EFBC}") = "NA.Web", "NA.Web\NA.Web.csproj", "{D0B298DF-9106-43FF-89B0-E5AFA5F93CFE}"
EndProject
Global
	GlobalSection(SolutionConfigurationPlatforms) = preSolution
		Debug|Any CPU = Debug|Any CPU
		Release|Any CPU = Release|Any CPU
	EndGlobalSection
	GlobalSection(ProjectConfigurationPlatforms) = postSolution
		{593A349C-6BD8-44ED-82DC-5F9A96C2D911}.Debug|Any CPU.ActiveCfg = Debug|Any CPU
		{593A349C-6BD8-44ED-82DC-5F9A96C2D911}.Debug|Any CPU.Build.0 = Debug|Any CPU
		{593A349C-6BD8-44ED-82DC-5F9A96C2D911}.Release|Any CPU.ActiveCfg = Release|Any CPU
		{593A349C-6BD8-44ED-82DC-5F9A96C2D911}.Release|Any CPU.Build.0 = Release|Any CPU
		{BA2DBEF0-7F1D-444E-9881-8B0E6EFA41D8}.Debug|Any CPU.ActiveCfg = Debug|Any CPU
		{BA2DBEF0-7F1D-444E-9881-8B0E6EFA41D8}.Debug|Any CPU.Build.0 = Debug|Any CPU
		{BA2DBEF0-7F1D-444E-9881-8B0E6EFA41D8}.Release|Any CPU.ActiveCfg = Release|Any CPU
		{BA2DBEF0-7F1D-444E-9881-8B0E6EFA41D8}.Release|Any CPU.Build.0 = Release|Any CPU
		{9BBC714C-BC6D-4DAB-AE52-52B5B7CC0279}.Debug|Any CPU.ActiveCfg = Debug|Any CPU
		{9BBC714C-BC6D-4DAB-AE52-52B5B7CC0279}.Debug|Any CPU.Build.0 = Debug|Any CPU
		{9BBC714C-BC6D-4DAB-AE52-52B5B7CC0279}.Release|Any CPU.ActiveCfg = Release|Any CPU
		{9BBC714C-BC6D-4DAB-AE52-52B5B7CC0279}.Release|Any CPU.Build.0 = Release|Any CPU
		{599547FC-5463-4BB0-8D98-0F00552A105C}.Debug|Any CPU.ActiveCfg = Debug|Any CPU
		{599547FC-5463-4BB0-8D98-0F00552A105C}.Debug|Any CPU.Build.0 = Debug|Any CPU
		{599547FC-5463-4BB0-8D98-0F00552A105C}.Release|Any CPU.ActiveCfg = Release|Any CPU
		{599547FC-5463-4BB0-8D98-0F00552A105C}.Release|Any CPU.Build.0 = Release|Any CPU
		{D0B298DF-9106-43FF-89B0-E5AFA5F93CFE}.Debug|Any CPU.ActiveCfg = Debug|Any CPU
		{D0B298DF-9106-43FF-89B0-E5AFA5F93CFE}.Debug|Any CPU.Build.0 = Debug|Any CPU
		{D0B298DF-9106-43FF-89B0-E5AFA5F93CFE}.Release|Any CPU.ActiveCfg = Release|Any CPU
		{D0B298DF-9106-43FF-89B0-E5AFA5F93CFE}.Release|Any CPU.Build.0 = Release|Any CPU
	EndGlobalSection
	GlobalSection(SolutionProperties) = preSolution
		HideSolutionNode = FALSE
	EndGlobalSection
EndGlobal
